{
  "nodes": {
    "devenv": {
      "locked": {
        "dir": "src/modules",
        "lastModified": 1776537207,
        "narHash": "sha256-CmDPLGo5rK02AV8d0SegYwQA+6aWPFWym6mYKqOzRT0=",
        "owner": "cachix",
        "repo": "devenv",
        "rev": "878c73c0b232d47b5fb79b4c6dbc2cdf3aaa3f76",
        "type": "github"
      },
      "original": {
        "dir": "src/modules",
        "owner": "cachix",
        "repo": "devenv",
        "type": "github"
      }
    },
    "nixpkgs": {
      "inputs": {
        "nixpkgs-src": "nixpkgs-src"
      },
      "locked": {
        "lastModified": 1776348333,
        "narHash": "sha256-ZyrYhlLGGuN5ieW7pE65meJJYnNz5el9vJtGBEJyDMQ=",
        "owner": "cachix",
        "repo": "devenv-nixpkgs",
        "rev": "efff47329167854ce48541c7ef731bf120753c7e",
        "type": "github"
      },
      "original": {
        "owner": "cachix",
        "ref": "rolling",
        "repo": "devenv-nixpkgs",
        "type": "github"
      }
    },
    "nixpkgs-src": {
      "flake": false,
      "locked": {
        "lastModified": 1775888245,
        "narHash": "sha256-nwASzrRDD1JBEu/o8ekKYEXm/oJW6EMCzCRdrwcLe90=",
        "owner": "NixOS",
        "repo": "nixpkgs",
        "rev": "13043924aaa7375ce482ebe2494338e058282925",
        "type": "github"
      },
      "original": {
        "owner": "NixOS",
        "ref": "nixpkgs-unstable",
        "repo": "nixpkgs",
        "type": "github"
      }
    },
    "root": {
      "inputs": {
        "devenv": "devenv",
        "nixpkgs": "nixpkgs"
      }
    }
  },
  "root": "root",
  "version": 7
}